
Microsoft Visual Studio Solution File, Format Version 12.00
# Visual Studio Version 17
VisualStudioVersion = 17.0.32126.317
MinimumVisualStudioVersion = 10.0.40219.1
Project("{FAE04EC0-301F-11D3-BF4B-00C04F79EFBC}") = "Blazor_CascadingValue", "Blazor_CascadingValue\Blazor_CascadingValue.csproj", "{C49D9C5B-FBCD-411D-8166-A60FC1057600}"
EndProject
Global
	GlobalSection(SolutionConfigurationPlatforms) = preSolution
		Debug|Any CPU = Debug|Any CPU
		Release|Any CPU = Release|Any CPU
	EndGlobalSection
	GlobalSection(ProjectConfigurationPlatforms) = postSolution
		{C49D9C5B-FBCD-411D-8166-A60FC1057600}.Debug|Any CPU.ActiveCfg = Debug|Any CPU
		{C49D9C5B-FBCD-411D-8166-A60FC1057600}.Debug|Any CPU.Build.0 = Debug|Any CPU
		{C49D9C5B-FBCD-411D-8166-A60FC1057600}.Release|Any CPU.ActiveCfg = Release|Any CPU
		{C49D9C5B-FBCD-411D-8166-A60FC1057600}.Release|Any CPU.Build.0 = Release|Any CPU
	EndGlobalSection
	GlobalSection(SolutionProperties) = preSolution
		HideSolutionNode = FALSE
	EndGlobalSection
	GlobalSection(ExtensibilityGlobals) = postSolution
		SolutionGuid = {C5BB500F-D449-4FA7-B0DD-F675961835BC}
	EndGlobalSection
EndGlobal
